
Microsoft Visual Studio Solution File, Format Version 12.00
Project("{FAE04EC0-301F-11D3-BF4B-00C04F79EFBC}") = "SocketBindTest.Server", "SocketBindTest.Server\SocketBindTest.Server.csproj", "{F26BAB2A-0B2F-4E4B-B69C-B43BBAB65C20}"
EndProject
Global
	GlobalSection(SolutionConfigurationPlatforms) = preSolution
		Debug|Any CPU = Debug|Any CPU
		Release|Any CPU = Release|Any CPU
	EndGlobalSection
	GlobalSection(ProjectConfigurationPlatforms) = postSolution
		{F26BAB2A-0B2F-4E4B-B69C-B43BBAB65C20}.Debug|Any CPU.ActiveCfg = Debug|Any CPU
		{F26BAB2A-0B2F-4E4B-B69C-B43BBAB65C20}.Debug|Any CPU.Build.0 = Debug|Any CPU
		{F26BAB2A-0B2F-4E4B-B69C-B43BBAB65C20}.Release|Any CPU.ActiveCfg = Release|Any CPU
		{F26BAB2A-0B2F-4E4B-B69C-B43BBAB65C20}.Release|Any CPU.Build.0 = Release|Any CPU
	EndGlobalSection
EndGlobal
